
Microsoft Visual Studio Solution File, Format Version 12.00
# Visual Studio Version 16
VisualStudioVersion = 16.0.28803.352
MinimumVisualStudioVersion = 10.0.40219.1
Project("{2150E333-8FDC-42A3-9474-1A3956D46DE8}") = "Data", "Data", "{69F7C78B-B8A8-4AC7-934B-9C60BCB8CE5B}"
EndProject
Project("{2150E333-8FDC-42A3-9474-1A3956D46DE8}") = "Services", "Services", "{B8DC5645-FB71-4106-AE68-E569706C3863}"
EndProject
Project("{2150E333-8FDC-42A3-9474-1A3956D46DE8}") = "Web", "Web", "{5234770F-4543-478A-88E1-294FC0CC6C5D}"
EndProject
Project("{FAE04EC0-301F-11D3-BF4B-00C04F79EFBC}") = "RichStore.Data", "RichStore.Data\RichStore.Data.csproj", "{28D95AED-387B-44B4-962C-3F10D9AEEFC7}"
EndProject
Project("{FAE04EC0-301F-11D3-BF4B-00C04F79EFBC}") = "RichStore.Services", "RichStore.Services\RichStore.Services.csproj", "{3C20FE36-671D-4F4D-A882-E0AE6434CE13}"
EndProject
Project("{FAE04EC0-301F-11D3-BF4B-00C04F79EFBC}") = "RichStore.Services.Mapping", "RichStore.Services.Mapping\RichStore.Services.Mapping.csproj", "{C8B0E906-FEFC-47DD-B994-242B0942D438}"
EndProject
Project("{FAE04EC0-301F-11D3-BF4B-00C04F79EFBC}") = "Richstore.Web.InputModels", "Richstore.Web.InputModels\Richstore.Web.InputModels.csproj", "{70128423-3038-4BE0-9C4F-04032294178D}"
EndProject
Project("{FAE04EC0-301F-11D3-BF4B-00C04F79EFBC}") = "RichStore.Web.ViewModels", "RichStore.Web.ViewModels\RichStore.Web.ViewModels.csproj", "{45990483-55C3-481B-A769-B8997D88036F}"
EndProject
Project("{FAE04EC0-301F-11D3-BF4B-00C04F79EFBC}") = "RichStore.Web", "RichStore.Web\RichStore.Web.csproj", "{D2FFFAEA-4529-4541-8488-D1CD583C88E3}"
EndProject
Global
	GlobalSection(SolutionConfigurationPlatforms) = preSolution
		Debug|Any CPU = Debug|Any CPU
		Release|Any CPU = Release|Any CPU
	EndGlobalSection
	GlobalSection(ProjectConfigurationPlatforms) = postSolution
		{28D95AED-387B-44B4-962C-3F10D9AEEFC7}.Debug|Any CPU.ActiveCfg = Debug|Any CPU
		{28D95AED-387B-44B4-962C-3F10D9AEEFC7}.Debug|Any CPU.Build.0 = Debug|Any CPU
		{28D95AED-387B-44B4-962C-3F10D9AEEFC7}.Release|Any CPU.ActiveCfg = Release|Any CPU
		{28D95AED-387B-44B4-962C-3F10D9AEEFC7}.Release|Any CPU.Build.0 = Release|Any CPU
		{3C20FE36-671D-4F4D-A882-E0AE6434CE13}.Debug|Any CPU.ActiveCfg = Debug|Any CPU
		{3C20FE36-671D-4F4D-A882-E0AE6434CE13}.Debug|Any CPU.Build.0 = Debug|Any CPU
		{3C20FE36-671D-4F4D-A882-E0AE6434CE13}.Release|Any CPU.ActiveCfg = Release|Any CPU
		{3C20FE36-671D-4F4D-A882-E0AE6434CE13}.Release|Any CPU.Build.0 = Release|Any CPU
		{C8B0E906-FEFC-47DD-B994-242B0942D438}.Debug|Any CPU.ActiveCfg = Debug|Any CPU
		{C8B0E906-FEFC-47DD-B994-242B0942D438}.Debug|Any CPU.Build.0 = Debug|Any CPU
		{C8B0E906-FEFC-47DD-B994-242B0942D438}.Release|Any CPU.ActiveCfg = Release|Any CPU
		{C8B0E906-FEFC-47DD-B994-242B0942D438}.Release|Any CPU.Build.0 = Release|Any CPU
		{70128423-3038-4BE0-9C4F-04032294178D}.Debug|Any CPU.ActiveCfg = Debug|Any CPU
		{70128423-3038-4BE0-9C4F-04032294178D}.Debug|Any CPU.Build.0 = Debug|Any CPU
		{70128423-3038-4BE0-9C4F-04032294178D}.Release|Any CPU.ActiveCfg = Release|Any CPU
		{70128423-3038-4BE0-9C4F-04032294178D}.Release|Any CPU.Build.0 = Release|Any CPU
		{45990483-55C3-481B-A769-B8997D88036F}.Debug|Any CPU.ActiveCfg = Debug|Any CPU
		{45990483-55C3-481B-A769-B8997D88036F}.Debug|Any CPU.Build.0 = Debug|Any CPU
		{45990483-55C3-481B-A769-B8997D88036F}.Release|Any CPU.ActiveCfg = Release|Any CPU
		{45990483-55C3-481B-A769-B8997D88036F}.Release|Any CPU.Build.0 = Release|Any CPU
		{D2FFFAEA-4529-4541-8488-D1CD583C88E3}.Debug|Any CPU.ActiveCfg = Debug|Any CPU
		{D2FFFAEA-4529-4541-8488-D1CD583C88E3}.Debug|Any CPU.Build.0 = Debug|Any CPU
		{D2FFFAEA-4529-4541-8488-D1CD583C88E3}.Release|Any CPU.ActiveCfg = Release|Any CPU
		{D2FFFAEA-4529-4541-8488-D1CD583C88E3}.Release|Any CPU.Build.0 = Release|Any CPU
	EndGlobalSection
	GlobalSection(SolutionProperties) = preSolution
		HideSolutionNode = FALSE
	EndGlobalSection
	GlobalSection(NestedProjects) = preSolution
		{28D95AED-387B-44B4-962C-3F10D9AEEFC7} = {69F7C78B-B8A8-4AC7-934B-9C60BCB8CE5B}
		{3C20FE36-671D-4F4D-A882-E0AE6434CE13} = {B8DC5645-FB71-4106-AE68-E569706C3863}
		{C8B0E906-FEFC-47DD-B994-242B0942D438} = {B8DC5645-FB71-4106-AE68-E569706C3863}
		{70128423-3038-4BE0-9C4F-04032294178D} = {5234770F-4543-478A-88E1-294FC0CC6C5D}
		{45990483-55C3-481B-A769-B8997D88036F} = {5234770F-4543-478A-88E1-294FC0CC6C5D}
		{D2FFFAEA-4529-4541-8488-D1CD583C88E3} = {5234770F-4543-478A-88E1-294FC0CC6C5D}
	EndGlobalSection
	GlobalSection(ExtensibilityGlobals) = postSolution
		SolutionGuid = {B616FB1B-9F77-4195-A397-874F25E40700}
	EndGlobalSection
EndGlobal
